<?xml version="1.0" encoding="utf-8"?>
<Project ToolsVersion="4.0" xmlns="http://schemas.microsoft.com/developer/msbuild/2003">
  <ItemGroup>
    <Filter Include="源文件">
      <UniqueIdentifier>{4FC737F1-C7A5-4376-A066-2A32D752A2FF}</UniqueIdentifier>
      <Extensions>cpp;c;cc;cxx;def;odl;idl;hpj;bat;asm;asmx</Extensions>
    </Filter>
    <Filter Include="头文件">
      <UniqueIdentifier>{93995380-89BD-4b04-88EB-625FBE52EBFB}</UniqueIdentifier>
      <Extensions>h;hh;hpp;hxx;hm;inl;inc;xsd</Extensions>
    </Filter>
    <Filter Include="资源文件">
      <UniqueIdentifier>{67DA6AB6-F800-4c08-8B7A-83BB121AAD01}</UniqueIdentifier>
      <Extensions>rc;ico;cur;bmp;dlg;rc2;rct;bin;rgs;gif;jpg;jpeg;jpe;resx;tiff;tif;png;wav;mfcribbon-ms</Extensions>
    </Filter>
  </ItemGroup>
  <ItemGroup>
    <ClInclude Include="stdafx.h">
      <Filter>头文件</Filter>
    </ClInclude>
    <ClInclude Include="targetver.h">
      <Filter>头文件</Filter>
    </ClInclude>
    <ClInclude Include="PeLibEx.h">
      <Filter>头文件</Filter>
    </ClInclude>
    <ClInclude Include="PeLib.h">
      <Filter>头文件</Filter>
    </ClInclude>
    <ClInclude Include="NtLdr.h">
      <Filter>头文件</Filter>
    </ClInclude>
    <ClInclude Include="VersionHelpers.h">
      <Filter>头文件</Filter>
    </ClInclude>
    <ClInclude Include="..\Common\common.h">
      <Filter>头文件</Filter>
    </ClInclude>
    <ClInclude Include="..\Common\ntos.h">
      <Filter>头文件</Filter>
    </ClInclude>
    <ClInclude Include="..\Common\scope_exit.h">
      <Filter>头文件</Filter>
    </ClInclude>
    <ClInclude Include="..\Common\unique_resource.h">
      <Filter>头文件</Filter>
    </ClInclude>
    <ClInclude Include="DynImport.h">
      <Filter>头文件</Filter>
    </ClInclude>
    <ClInclude Include="Utils.h">
      <Filter>头文件</Filter>
    </ClInclude>
    <ClInclude Include="functionTypes.h">
      <Filter>头文件</Filter>
    </ClInclude>
    <ClInclude Include="ApiSet.h">
      <Filter>头文件</Filter>
    </ClInclude>
    <ClInclude Include="Win7Specific.h">
      <Filter>头文件</Filter>
    </ClInclude>
    <ClInclude Include="Win8Specific.h">
      <Filter>头文件</Filter>
    </ClInclude>
    <ClInclude Include="WinXPSpecific.h">
      <Filter>头文件</Filter>
    </ClInclude>
    <ClInclude Include="Types.h">
      <Filter>头文件</Filter>
    </ClInclude>
    <ClInclude Include="ImageNET.h">
      <Filter>头文件</Filter>
    </ClInclude>
    <ClInclude Include="PEImage.h">
      <Filter>头文件</Filter>
    </ClInclude>
    <ClInclude Include="Macro.h">
      <Filter>头文件</Filter>
    </ClInclude>
    <ClInclude Include="PatternSearch.h">
      <Filter>头文件</Filter>
    </ClInclude>
    <ClInclude Include="cor.h">
      <Filter>头文件</Filter>
    </ClInclude>
    <ClInclude Include="CorError.h">
      <Filter>头文件</Filter>
    </ClInclude>
    <ClInclude Include="metahost.h">
      <Filter>头文件</Filter>
    </ClInclude>
    <ClInclude Include="mscoree.h">
      <Filter>头文件</Filter>
    </ClInclude>
  </ItemGroup>
  <ItemGroup>
    <ClCompile Include="stdafx.cpp">
      <Filter>源文件</Filter>
    </ClCompile>
    <ClCompile Include="pe_loader.cpp">
      <Filter>源文件</Filter>
    </ClCompile>
    <ClCompile Include="PeLibEx.cpp">
      <Filter>源文件</Filter>
    </ClCompile>
    <ClCompile Include="PeLib.cpp">
      <Filter>源文件</Filter>
    </ClCompile>
    <ClCompile Include="DynImport.cpp">
      <Filter>源文件</Filter>
    </ClCompile>
    <ClCompile Include="Utils.cpp">
      <Filter>源文件</Filter>
    </ClCompile>
    <ClCompile Include="ImageNET.cpp">
      <Filter>源文件</Filter>
    </ClCompile>
    <ClCompile Include="PEImage.cpp">
      <Filter>源文件</Filter>
    </ClCompile>
    <ClCompile Include="PatternSearch.cpp">
      <Filter>源文件</Filter>
    </ClCompile>
  </ItemGroup>
</Project>